Microsoft Visual Studio Solution File, Format Version 8.00
Project("{8BC9CEB8-8B4A-11D0-8D11-00A0C91BC942}") = "zdbsp", "zdbsp.vcproj", "{3C32111E-76E8-47C9-95A6-A103C861F45F}"
	ProjectSection(ProjectDependencies) = postProject
	EndProjectSection
EndProject
Global
	GlobalSection(SolutionConfiguration) = preSolution
		Debug = Debug
		Release = Release
	EndGlobalSection
	GlobalSection(ProjectConfiguration) = postSolution
		{3C32111E-76E8-47C9-95A6-A103C861F45F}.Debug.ActiveCfg = Debug|Win32
		{3C32111E-76E8-47C9-95A6-A103C861F45F}.Debug.Build.0 = Debug|Win32
		{3C32111E-76E8-47C9-95A6-A103C861F45F}.Release.ActiveCfg = Release|Win32
		{3C32111E-76E8-47C9-95A6-A103C861F45F}.Release.Build.0 = Release|Win32
	EndGlobalSection
	GlobalSection(ExtensibilityGlobals) = postSolution
	EndGlobalSection
	GlobalSection(ExtensibilityAddIns) = postSolution
	EndGlobalSection
EndGlobal
